
Microsoft Visual Studio Solution File, Format Version 12.00
# Visual Studio Version 17
VisualStudioVersion = 17.12.35309.182
MinimumVisualStudioVersion = 10.0.40219.1
Project("{FAE04EC0-301F-11D3-BF4B-00C04F79EFBC}") = "NotesWPF", "NotesWPF\NotesWPF.csproj", "{AEBE1E28-C00C-41E0-9CFB-6E1E8A2CA0FE}"
EndProject
Project("{C7167F0D-BC9F-4E6E-AFE1-012C56B48DB5}") = "NotesWPFPackage", "NotesWPFPackage\NotesWPFPackage.wapproj", "{AD6AE88E-5BE8-426D-B181-5FE234690FA3}"
EndProject
Global
	GlobalSection(SolutionConfigurationPlatforms) = preSolution
		Debug|Any CPU = Debug|Any CPU
		Debug|ARM = Debug|ARM
		Debug|ARM64 = Debug|ARM64
		Debug|x64 = Debug|x64
		Debug|x86 = Debug|x86
		Release|Any CPU = Release|Any CPU
		Release|ARM = Release|ARM
		Release|ARM64 = Release|ARM64
		Release|x64 = Release|x64
		Release|x86 = Release|x86
	EndGlobalSection
	GlobalSection(ProjectConfigurationPlatforms) = postSolution
		{AEBE1E28-C00C-41E0-9CFB-6E1E8A2CA0FE}.Debug|Any CPU.ActiveCfg = Debug|Any CPU
		{AEBE1E28-C00C-41E0-9CFB-6E1E8A2CA0FE}.Debug|Any CPU.Build.0 = Debug|Any CPU
		{AEBE1E28-C00C-41E0-9CFB-6E1E8A2CA0FE}.Debug|ARM.ActiveCfg = Debug|Any CPU
		{AEBE1E28-C00C-41E0-9CFB-6E1E8A2CA0FE}.Debug|ARM.Build.0 = Debug|Any CPU
		{AEBE1E28-C00C-41E0-9CFB-6E1E8A2CA0FE}.Debug|ARM64.ActiveCfg = Debug|Any CPU
		{AEBE1E28-C00C-41E0-9CFB-6E1E8A2CA0FE}.Debug|ARM64.Build.0 = Debug|Any CPU
		{AEBE1E28-C00C-41E0-9CFB-6E1E8A2CA0FE}.Debug|x64.ActiveCfg = Debug|Any CPU
		{AEBE1E28-C00C-41E0-9CFB-6E1E8A2CA0FE}.Debug|x64.Build.0 = Debug|Any CPU
		{AEBE1E28-C00C-41E0-9CFB-6E1E8A2CA0FE}.Debug|x86.ActiveCfg = Debug|Any CPU
		{AEBE1E28-C00C-41E0-9CFB-6E1E8A2CA0FE}.Debug|x86.Build.0 = Debug|Any CPU
		{AEBE1E28-C00C-41E0-9CFB-6E1E8A2CA0FE}.Release|Any CPU.ActiveCfg = Release|Any CPU
		{AEBE1E28-C00C-41E0-9CFB-6E1E8A2CA0FE}.Release|Any CPU.Build.0 = Release|Any CPU
		{AEBE1E28-C00C-41E0-9CFB-6E1E8A2CA0FE}.Release|ARM.ActiveCfg = Release|Any CPU
		{AEBE1E28-C00C-41E0-9CFB-6E1E8A2CA0FE}.Release|ARM.Build.0 = Release|Any CPU
		{AEBE1E28-C00C-41E0-9CFB-6E1E8A2CA0FE}.Release|ARM64.ActiveCfg = Release|Any CPU
		{AEBE1E28-C00C-41E0-9CFB-6E1E8A2CA0FE}.Release|ARM64.Build.0 = Release|Any CPU
		{AEBE1E28-C00C-41E0-9CFB-6E1E8A2CA0FE}.Release|x64.ActiveCfg = Release|Any CPU
		{AEBE1E28-C00C-41E0-9CFB-6E1E8A2CA0FE}.Release|x64.Build.0 = Release|Any CPU
		{AEBE1E28-C00C-41E0-9CFB-6E1E8A2CA0FE}.Release|x86.ActiveCfg = Release|Any CPU
		{AEBE1E28-C00C-41E0-9CFB-6E1E8A2CA0FE}.Release|x86.Build.0 = Release|Any CPU
		{AD6AE88E-5BE8-426D-B181-5FE234690FA3}.Debug|Any CPU.ActiveCfg = Debug|Any CPU
		{AD6AE88E-5BE8-426D-B181-5FE234690FA3}.Debug|Any CPU.Build.0 = Debug|Any CPU
		{AD6AE88E-5BE8-426D-B181-5FE234690FA3}.Debug|Any CPU.Deploy.0 = Debug|Any CPU
		{AD6AE88E-5BE8-426D-B181-5FE234690FA3}.Debug|ARM.ActiveCfg = Debug|ARM
		{AD6AE88E-5BE8-426D-B181-5FE234690FA3}.Debug|ARM.Build.0 = Debug|ARM
		{AD6AE88E-5BE8-426D-B181-5FE234690FA3}.Debug|ARM.Deploy.0 = Debug|ARM
		{AD6AE88E-5BE8-426D-B181-5FE234690FA3}.Debug|ARM64.ActiveCfg = Debug|ARM64
		{AD6AE88E-5BE8-426D-B181-5FE234690FA3}.Debug|ARM64.Build.0 = Debug|ARM64
		{AD6AE88E-5BE8-426D-B181-5FE234690FA3}.Debug|ARM64.Deploy.0 = Debug|ARM64
		{AD6AE88E-5BE8-426D-B181-5FE234690FA3}.Debug|x64.ActiveCfg = Debug|x64
		{AD6AE88E-5BE8-426D-B181-5FE234690FA3}.Debug|x64.Build.0 = Debug|x64
		{AD6AE88E-5BE8-426D-B181-5FE234690FA3}.Debug|x64.Deploy.0 = Debug|x64
		{AD6AE88E-5BE8-426D-B181-5FE234690FA3}.Debug|x86.ActiveCfg = Debug|x86
		{AD6AE88E-5BE8-426D-B181-5FE234690FA3}.Debug|x86.Build.0 = Debug|x86
		{AD6AE88E-5BE8-426D-B181-5FE234690FA3}.Debug|x86.Deploy.0 = Debug|x86
		{AD6AE88E-5BE8-426D-B181-5FE234690FA3}.Release|Any CPU.ActiveCfg = Release|Any CPU
		{AD6AE88E-5BE8-426D-B181-5FE234690FA3}.Release|Any CPU.Build.0 = Release|Any CPU
		{AD6AE88E-5BE8-426D-B181-5FE234690FA3}.Release|Any CPU.Deploy.0 = Release|Any CPU
		{AD6AE88E-5BE8-426D-B181-5FE234690FA3}.Release|ARM.ActiveCfg = Release|ARM
		{AD6AE88E-5BE8-426D-B181-5FE234690FA3}.Release|ARM.Build.0 = Release|ARM
		{AD6AE88E-5BE8-426D-B181-5FE234690FA3}.Release|ARM.Deploy.0 = Release|ARM
		{AD6AE88E-5BE8-426D-B181-5FE234690FA3}.Release|ARM64.ActiveCfg = Release|ARM64
		{AD6AE88E-5BE8-426D-B181-5FE234690FA3}.Release|ARM64.Build.0 = Release|ARM64
		{AD6AE88E-5BE8-426D-B181-5FE234690FA3}.Release|ARM64.Deploy.0 = Release|ARM64
		{AD6AE88E-5BE8-426D-B181-5FE234690FA3}.Release|x64.ActiveCfg = Release|x64
		{AD6AE88E-5BE8-426D-B181-5FE234690FA3}.Release|x64.Build.0 = Release|x64
		{AD6AE88E-5BE8-426D-B181-5FE234690FA3}.Release|x64.Deploy.0 = Release|x64
		{AD6AE88E-5BE8-426D-B181-5FE234690FA3}.Release|x86.ActiveCfg = Release|x86
		{AD6AE88E-5BE8-426D-B181-5FE234690FA3}.Release|x86.Build.0 = Release|x86
		{AD6AE88E-5BE8-426D-B181-5FE234690FA3}.Release|x86.Deploy.0 = Release|x86
	EndGlobalSection
	GlobalSection(SolutionProperties) = preSolution
		HideSolutionNode = FALSE
	EndGlobalSection
	GlobalSection(ExtensibilityGlobals) = postSolution
		SolutionGuid = {8578989E-A3C2-4307-A335-746A78A79FCE}
	EndGlobalSection
EndGlobal
